dependencies:
- name: postgresql
  repository: https://charts.bitnami.com/bitnami
  version: 12.1.0
- name: prometheus
  repository: https://prometheus-community.github.io/helm-charts
  version: 26.0.0
digest: sha256:77f67d7d9c724c64cb7338d899ef2433c7be250b72a252c34998f8c82c5bab74
generated: "2024-12-19T13:57:25.1281678+01:00"
